{
  "requires": true,
  "lockfileVersion": 1,
  "dependencies": {
    "highlight.js": {
      "version": "11.2.0",
      "resolved": "https://registry.npmjs.org/highlight.js/-/highlight.js-11.2.0.tgz",
      "integrity": "sha512-JOySjtOEcyG8s4MLR2MNbLUyaXqUunmSnL2kdV/KuGJOmHZuAR5xC54Ko7goAXBWNhf09Vy3B+U7vR62UZ/0iw=="
    },
    "rainbow-code": {
      "version": "2.1.7",
      "resolved": "https://registry.npmjs.org/rainbow-code/-/rainbow-code-2.1.7.tgz",
      "integrity": "sha512-MuA4/PlfE0uJwxG3/MhylsdnhLDKZcFJfsDrVQX6LrFH2qfaLNB0TdbSupohrPRWgdIS3uBn1gCp05EkRRBtgw==",
      "requires": {
        "web-worker": "1.0.0"
      }
    },
    "web-worker": {
      "version": "1.0.0",
      "resolved": "https://registry.npmjs.org/web-worker/-/web-worker-1.0.0.tgz",
      "integrity": "sha512-BzuMqeKVkKKwHV6tJuwePFcxYMxvC97D448mXTgh/CxXAB4sRtoV26gRPN+JDxsXRR7QZyioMV9O6NzQaASf7Q=="
    }
  }
}
